
Microsoft Visual Studio Solution File, Format Version 12.00
# Visual Studio Version 17
VisualStudioVersion = 17.4.33110.190
MinimumVisualStudioVersion = 10.0.40219.1
Project("{2150E333-8FDC-42A3-9474-1A3956D46DE8}") = "src", "src", "{DED4ADA2-E0BB-4AA1-884E-724BB702A83D}"
EndProject
Project("{2150E333-8FDC-42A3-9474-1A3956D46DE8}") = "API", "API", "{B72DF341-0BEA-45C2-8FB7-7A52160F63F7}"
EndProject
Project("{2150E333-8FDC-42A3-9474-1A3956D46DE8}") = "Domain", "Domain", "{1AB7913F-B1FF-438E-AFFF-A79F334B5E31}"
EndProject
Project("{2150E333-8FDC-42A3-9474-1A3956D46DE8}") = "Application", "Application", "{7F9F0822-B42F-47F7-87F6-D24D424C15CF}"
EndProject
Project("{2150E333-8FDC-42A3-9474-1A3956D46DE8}") = "Infrastructure", "Infrastructure", "{1ED8BDB8-EC1E-46A9-B955-4828EDF8E2A3}"
EndProject
Project("{9A19103F-16F7-4668-BE54-9A1E7A4F7556}") = "API", "API\API.csproj", "{EBFDE66C-F322-486E-9555-E0143F4F6CDD}"
EndProject
Project("{9A19103F-16F7-4668-BE54-9A1E7A4F7556}") = "Application", "Application\Application.csproj", "{D9C3E662-F803-4FE9-ADBD-DD0BD4EECB9E}"
EndProject
Project("{9A19103F-16F7-4668-BE54-9A1E7A4F7556}") = "Domain", "Domain\Domain.csproj", "{AF132613-B162-4529-9575-AC15B5DB96F7}"
EndProject
Project("{9A19103F-16F7-4668-BE54-9A1E7A4F7556}") = "Infrastructure", "Infrastructure\Infrastructure.csproj", "{2B9FA8AD-69F4-4002-A6FA-B1272F63A8AC}"
EndProject
Project("{9A19103F-16F7-4668-BE54-9A1E7A4F7556}") = "persistence", "persistence\persistence.csproj", "{EDA9946B-33B9-4C23-900E-20872C311248}"
EndProject
Global
	GlobalSection(SolutionConfigurationPlatforms) = preSolution
		Debug|Any CPU = Debug|Any CPU
		Release|Any CPU = Release|Any CPU
	EndGlobalSection
	GlobalSection(ProjectConfigurationPlatforms) = postSolution
		{EBFDE66C-F322-486E-9555-E0143F4F6CDD}.Debug|Any CPU.ActiveCfg = Debug|Any CPU
		{EBFDE66C-F322-486E-9555-E0143F4F6CDD}.Debug|Any CPU.Build.0 = Debug|Any CPU
		{EBFDE66C-F322-486E-9555-E0143F4F6CDD}.Release|Any CPU.ActiveCfg = Release|Any CPU
		{EBFDE66C-F322-486E-9555-E0143F4F6CDD}.Release|Any CPU.Build.0 = Release|Any CPU
		{D9C3E662-F803-4FE9-ADBD-DD0BD4EECB9E}.Debug|Any CPU.ActiveCfg = Debug|Any CPU
		{D9C3E662-F803-4FE9-ADBD-DD0BD4EECB9E}.Debug|Any CPU.Build.0 = Debug|Any CPU
		{D9C3E662-F803-4FE9-ADBD-DD0BD4EECB9E}.Release|Any CPU.ActiveCfg = Release|Any CPU
		{D9C3E662-F803-4FE9-ADBD-DD0BD4EECB9E}.Release|Any CPU.Build.0 = Release|Any CPU
		{AF132613-B162-4529-9575-AC15B5DB96F7}.Debug|Any CPU.ActiveCfg = Debug|Any CPU
		{AF132613-B162-4529-9575-AC15B5DB96F7}.Debug|Any CPU.Build.0 = Debug|Any CPU
		{AF132613-B162-4529-9575-AC15B5DB96F7}.Release|Any CPU.ActiveCfg = Release|Any CPU
		{AF132613-B162-4529-9575-AC15B5DB96F7}.Release|Any CPU.Build.0 = Release|Any CPU
		{2B9FA8AD-69F4-4002-A6FA-B1272F63A8AC}.Debug|Any CPU.ActiveCfg = Debug|Any CPU
		{2B9FA8AD-69F4-4002-A6FA-B1272F63A8AC}.Debug|Any CPU.Build.0 = Debug|Any CPU
		{2B9FA8AD-69F4-4002-A6FA-B1272F63A8AC}.Release|Any CPU.ActiveCfg = Release|Any CPU
		{2B9FA8AD-69F4-4002-A6FA-B1272F63A8AC}.Release|Any CPU.Build.0 = Release|Any CPU
		{EDA9946B-33B9-4C23-900E-20872C311248}.Debug|Any CPU.ActiveCfg = Debug|Any CPU
		{EDA9946B-33B9-4C23-900E-20872C311248}.Debug|Any CPU.Build.0 = Debug|Any CPU
		{EDA9946B-33B9-4C23-900E-20872C311248}.Release|Any CPU.ActiveCfg = Release|Any CPU
		{EDA9946B-33B9-4C23-900E-20872C311248}.Release|Any CPU.Build.0 = Release|Any CPU
	EndGlobalSection
	GlobalSection(SolutionProperties) = preSolution
		HideSolutionNode = FALSE
	EndGlobalSection
	GlobalSection(NestedProjects) = preSolution
		{B72DF341-0BEA-45C2-8FB7-7A52160F63F7} = {DED4ADA2-E0BB-4AA1-884E-724BB702A83D}
		{1AB7913F-B1FF-438E-AFFF-A79F334B5E31} = {DED4ADA2-E0BB-4AA1-884E-724BB702A83D}
		{7F9F0822-B42F-47F7-87F6-D24D424C15CF} = {DED4ADA2-E0BB-4AA1-884E-724BB702A83D}
		{1ED8BDB8-EC1E-46A9-B955-4828EDF8E2A3} = {DED4ADA2-E0BB-4AA1-884E-724BB702A83D}
		{EBFDE66C-F322-486E-9555-E0143F4F6CDD} = {B72DF341-0BEA-45C2-8FB7-7A52160F63F7}
		{D9C3E662-F803-4FE9-ADBD-DD0BD4EECB9E} = {7F9F0822-B42F-47F7-87F6-D24D424C15CF}
		{AF132613-B162-4529-9575-AC15B5DB96F7} = {1AB7913F-B1FF-438E-AFFF-A79F334B5E31}
		{2B9FA8AD-69F4-4002-A6FA-B1272F63A8AC} = {1ED8BDB8-EC1E-46A9-B955-4828EDF8E2A3}
		{EDA9946B-33B9-4C23-900E-20872C311248} = {1ED8BDB8-EC1E-46A9-B955-4828EDF8E2A3}
	EndGlobalSection
	GlobalSection(ExtensibilityGlobals) = postSolution
		SolutionGuid = {719A4B4B-284A-4D8B-BA11-C4A89A8D66EC}
	EndGlobalSection
EndGlobal
